{
  "requires": true,
  "lockfileVersion": 1,
  "dependencies": {
    "react-pluralize": {
      "version": "1.6.3",
      "resolved": "https://registry.npmjs.org/react-pluralize/-/react-pluralize-1.6.3.tgz",
      "integrity": "sha512-TOpCsnMNTpMgEJFsxdwsHHxvChvrWKENsYkK9At5B+0CZTEc40CAMqvXKnz8C3VDt0LBL8491kEnL61IH3CUHA=="
    }
  }
}
